
Microsoft Visual Studio Solution File, Format Version 12.00
# Visual Studio Version 16
VisualStudioVersion = 16.0.29806.167
MinimumVisualStudioVersion = 10.0.40219.1
Project("{9A19103F-16F7-4668-BE54-9A1E7A4F7556}") = "DataModel", "DataModel\DataModel.csproj", "{35EDC071-5AA8-4519-B190-DB097DCC5B2F}"
EndProject
Project("{9A19103F-16F7-4668-BE54-9A1E7A4F7556}") = "dbutil", "dbutil\dbutil.csproj", "{59CC9254-48C7-409E-9A52-CD51475AD958}"
EndProject
Project("{9A19103F-16F7-4668-BE54-9A1E7A4F7556}") = "Common", "Common\Common.csproj", "{C0F82233-896E-4E97-887C-709FBE3D29A3}"
EndProject
Project("{9A19103F-16F7-4668-BE54-9A1E7A4F7556}") = "SQLiteDatabase", "SQLiteDatabase\SQLiteDatabase.csproj", "{65D318B4-E3B9-4132-8FFE-05FDD98B1903}"
EndProject
Project("{9A19103F-16F7-4668-BE54-9A1E7A4F7556}") = "CMS", "CMS\CMS.csproj", "{AF5B5B93-527F-4878-8503-B33E37E072D3}"
EndProject
Project("{9A19103F-16F7-4668-BE54-9A1E7A4F7556}") = "DatabaseClasses", "DatabaseClasses\DatabaseClasses.csproj", "{DF28E9A8-13D6-41D3-959C-32F8C01198E1}"
EndProject
Project("{9A19103F-16F7-4668-BE54-9A1E7A4F7556}") = "UnitTests", "UnitTests\UnitTests.csproj", "{EAF53738-0FB8-464B-9F47-DFBC8DD52660}"
EndProject
Project("{9A19103F-16F7-4668-BE54-9A1E7A4F7556}") = "ImportLib", "ImportLib\ImportLib.csproj", "{D38C56B6-055C-4A24-BB6D-5043D1BF451D}"
EndProject
Global
	GlobalSection(SolutionConfigurationPlatforms) = preSolution
		Debug|Any CPU = Debug|Any CPU
		Release|Any CPU = Release|Any CPU
	EndGlobalSection
	GlobalSection(ProjectConfigurationPlatforms) = postSolution
		{35EDC071-5AA8-4519-B190-DB097DCC5B2F}.Debug|Any CPU.ActiveCfg = Debug|Any CPU
		{35EDC071-5AA8-4519-B190-DB097DCC5B2F}.Debug|Any CPU.Build.0 = Debug|Any CPU
		{35EDC071-5AA8-4519-B190-DB097DCC5B2F}.Release|Any CPU.ActiveCfg = Release|Any CPU
		{35EDC071-5AA8-4519-B190-DB097DCC5B2F}.Release|Any CPU.Build.0 = Release|Any CPU
		{59CC9254-48C7-409E-9A52-CD51475AD958}.Debug|Any CPU.ActiveCfg = Debug|Any CPU
		{59CC9254-48C7-409E-9A52-CD51475AD958}.Debug|Any CPU.Build.0 = Debug|Any CPU
		{59CC9254-48C7-409E-9A52-CD51475AD958}.Release|Any CPU.ActiveCfg = Release|Any CPU
		{59CC9254-48C7-409E-9A52-CD51475AD958}.Release|Any CPU.Build.0 = Release|Any CPU
		{C0F82233-896E-4E97-887C-709FBE3D29A3}.Debug|Any CPU.ActiveCfg = Debug|Any CPU
		{C0F82233-896E-4E97-887C-709FBE3D29A3}.Debug|Any CPU.Build.0 = Debug|Any CPU
		{C0F82233-896E-4E97-887C-709FBE3D29A3}.Release|Any CPU.ActiveCfg = Release|Any CPU
		{C0F82233-896E-4E97-887C-709FBE3D29A3}.Release|Any CPU.Build.0 = Release|Any CPU
		{65D318B4-E3B9-4132-8FFE-05FDD98B1903}.Debug|Any CPU.ActiveCfg = Debug|Any CPU
		{65D318B4-E3B9-4132-8FFE-05FDD98B1903}.Debug|Any CPU.Build.0 = Debug|Any CPU
		{65D318B4-E3B9-4132-8FFE-05FDD98B1903}.Release|Any CPU.ActiveCfg = Release|Any CPU
		{65D318B4-E3B9-4132-8FFE-05FDD98B1903}.Release|Any CPU.Build.0 = Release|Any CPU
		{AF5B5B93-527F-4878-8503-B33E37E072D3}.Debug|Any CPU.ActiveCfg = Debug|Any CPU
		{AF5B5B93-527F-4878-8503-B33E37E072D3}.Debug|Any CPU.Build.0 = Debug|Any CPU
		{AF5B5B93-527F-4878-8503-B33E37E072D3}.Release|Any CPU.ActiveCfg = Release|Any CPU
		{AF5B5B93-527F-4878-8503-B33E37E072D3}.Release|Any CPU.Build.0 = Release|Any CPU
		{DF28E9A8-13D6-41D3-959C-32F8C01198E1}.Debug|Any CPU.ActiveCfg = Debug|Any CPU
		{DF28E9A8-13D6-41D3-959C-32F8C01198E1}.Debug|Any CPU.Build.0 = Debug|Any CPU
		{DF28E9A8-13D6-41D3-959C-32F8C01198E1}.Release|Any CPU.ActiveCfg = Release|Any CPU
		{DF28E9A8-13D6-41D3-959C-32F8C01198E1}.Release|Any CPU.Build.0 = Release|Any CPU
		{EAF53738-0FB8-464B-9F47-DFBC8DD52660}.Debug|Any CPU.ActiveCfg = Debug|Any CPU
		{EAF53738-0FB8-464B-9F47-DFBC8DD52660}.Debug|Any CPU.Build.0 = Debug|Any CPU
		{EAF53738-0FB8-464B-9F47-DFBC8DD52660}.Release|Any CPU.ActiveCfg = Release|Any CPU
		{EAF53738-0FB8-464B-9F47-DFBC8DD52660}.Release|Any CPU.Build.0 = Release|Any CPU
		{D38C56B6-055C-4A24-BB6D-5043D1BF451D}.Debug|Any CPU.ActiveCfg = Debug|Any CPU
		{D38C56B6-055C-4A24-BB6D-5043D1BF451D}.Debug|Any CPU.Build.0 = Debug|Any CPU
		{D38C56B6-055C-4A24-BB6D-5043D1BF451D}.Release|Any CPU.ActiveCfg = Release|Any CPU
		{D38C56B6-055C-4A24-BB6D-5043D1BF451D}.Release|Any CPU.Build.0 = Release|Any CPU
	EndGlobalSection
	GlobalSection(SolutionProperties) = preSolution
		HideSolutionNode = FALSE
	EndGlobalSection
	GlobalSection(ExtensibilityGlobals) = postSolution
		SolutionGuid = {DB7F686A-C25C-4373-92E3-BF6C6011D0C7}
	EndGlobalSection
EndGlobal
